// !$*UTF8*$!
{
	archiveVersion = 1;
	classes = {
	};
	objectVersion = 50;
	objects = {

/* Begin PBXBuildFile section */
		53F8FB0A26112ED800DADAF5 /* AppDelegate.swift in Sources */ = {isa = PBXBuildFile; fileRef = 53F8FB0926112ED800DADAF5 /* AppDelegate.swift */; };
		53F8FB0C26112ED800DADAF5 /* SceneDelegate.swift in Sources */ = {isa = PBXBuildFile; fileRef = 53F8FB0B26112ED800DADAF5 /* SceneDelegate.swift */; };
		53F8FB0E26112ED800DADAF5 /* ContentView.swift in Sources */ = {isa = PBXBuildFile; fileRef = 53F8FB0D26112ED800DADAF5 /* ContentView.swift */; };
		53F8FB1026112EDF00DADAF5 /* Assets.xcassets in Resources */ = {isa = PBXBuildFile; fileRef = 53F8FB0F26112EDF00DADAF5 /* Assets.xcassets */; };
		53F8FB1326112EDF00DADAF5 /* Preview Assets.xcassets in Resources */ = {isa = PBXBuildFile; fileRef = 53F8FB1226112EDF00DADAF5 /* Preview Assets.xcassets */; };
		53F8FB1626112EDF00DADAF5 /* LaunchScreen.storyboard in Resources */ = {isa = PBXBuildFile; fileRef = 53F8FB1426112EDF00DADAF5 /* LaunchScreen.storyboard */; };
		53F8FB2126112EDF00DADAF5 /* mirea_flipTests.swift in Sources */ = {isa = PBXBuildFile; fileRef = 53F8FB2026112EDF00DADAF5 /* mirea_flipTests.swift */; };
		53F8FB2C26112EDF00DADAF5 /* mirea_flipUITests.swift in Sources */ = {isa = PBXBuildFile; fileRef = 53F8FB2B26112EDF00DADAF5 /* mirea_flipUITests.swift */; };
/* End PBXBuildFile section */

/* Begin PBXContainerItemProxy section */
		53F8FB1D26112EDF00DADAF5 /* PBXContainerItemProxy */ = {
			isa = PBXContainerItemProxy;
			containerPortal = 53F8FAFE26112ED800DADAF5 /* Project object */;
			proxyType = 1;
			remoteGlobalIDString = 53F8FB0526112ED800DADAF5;
			remoteInfo = "mirea-flip";
		};
		53F8FB2826112EDF00DADAF5 /* PBXContainerItemProxy */ = {
			isa = PBXContainerItemProxy;
			containerPortal = 53F8FAFE26112ED800DADAF5 /* Project object */;
			proxyType = 1;
			remoteGlobalIDString = 53F8FB0526112ED800DADAF5;
			remoteInfo = "mirea-flip";
		};
/* End PBXContainerItemProxy section */

/* Begin PBXFileReference section */
		53F8FB0626112ED800DADAF5 /* mirea-flip.app */ = {isa = PBXFileReference; explicitFileType = wrapper.application; includeInIndex = 0; path = "mirea-flip.app"; sourceTree = BUILT_PRODUCTS_DIR; };
		53F8FB0926112ED800DADAF5 /* AppDelegate.swift */ = {isa = PBXFileReference; lastKnownFileType = sourcecode.swift; path = AppDelegate.swift; sourceTree = "<group>"; };
		53F8FB0B26112ED800DADAF5 /* SceneDelegate.swift */ = {isa = PBXFileReference; lastKnownFileType = sourcecode.swift; path = SceneDelegate.swift; sourceTree = "<group>"; };
		53F8FB0D26112ED800DADAF5 /* ContentView.swift */ = {isa = PBXFileReference; lastKnownFileType = sourcecode.swift; path = ContentView.swift; sourceTree = "<group>"; };
		53F8FB0F26112EDF00DADAF5 /* Assets.xcassets */ = {isa = PBXFileReference; lastKnownFileType = folder.assetcatalog; path = Assets.xcassets; sourceTree = "<group>"; };
		53F8FB1226112EDF00DADAF5 /* Preview Assets.xcassets */ = {isa = PBXFileReference; lastKnownFileType = folder.assetcatalog; path = "Preview Assets.xcassets"; sourceTree = "<group>"; };
		53F8FB1526112EDF00DADAF5 /* Base */ = {isa = PBXFileReference; lastKnownFileType = file.storyboard; name = Base; path = Base.lproj/LaunchScreen.storyboard; sourceTree = "<group>"; };
		53F8FB1726112EDF00DADAF5 /* Info.plist */ = {isa = PBXFileReference; lastKnownFileType = text.plist.xml; path = Info.plist; sourceTree = "<group>"; };
		53F8FB1C26112EDF00DADAF5 /* mirea-flipTests.xctest */ = {isa = PBXFileReference; explicitFileType = wrapper.cfbundle; includeInIndex = 0; path = "mirea-flipTests.xctest"; sourceTree = BUILT_PRODUCTS_DIR; };
		53F8FB2026112EDF00DADAF5 /* mirea_flipTests.swift */ = {isa = PBXFileReference; lastKnownFileType = sourcecode.swift; path = mirea_flipTests.swift; sourceTree = "<group>"; };
		53F8FB2226112EDF00DADAF5 /* Info.plist */ = {isa = PBXFileReference; lastKnownFileType = text.plist.xml; path = Info.plist; sourceTree = "<group>"; };
		53F8FB2726112EDF00DADAF5 /* mirea-flipUITests.xctest */ = {isa = PBXFileReference; explicitFileType = wrapper.cfbundle; includeInIndex = 0; path = "mirea-flipUITests.xctest"; sourceTree = BUILT_PRODUCTS_DIR; };
		53F8FB2B26112EDF00DADAF5 /* mirea_flipUITests.swift */ = {isa = PBXFileReference; lastKnownFileType = sourcecode.swift; path = mirea_flipUITests.swift; sourceTree = "<group>"; };
		53F8FB2D26112EDF00DADAF5 /* Info.plist */ = {isa = PBXFileReference; lastKnownFileType = text.plist.xml; path = Info.plist; sourceTree = "<group>"; };
/* End PBXFileReference section */

/* Begin PBXFrameworksBuildPhase section */
		53F8FB0326112ED800DADAF5 /* Frameworks */ = {
			isa = PBXFrameworksBuildPhase;
			buildActionMask = 2147483647;
			files = (
			);
			runOnlyForDeploymentPostprocessing = 0;
		};
		53F8FB1926112EDF00DADAF5 /* Frameworks */ = {
			isa = PBXFrameworksBuildPhase;
			buildActionMask = 2147483647;
			files = (
			);
			runOnlyForDeploymentPostprocessing = 0;
		};
		53F8FB2426112EDF00DADAF5 /* Frameworks */ = {
			isa = PBXFrameworksBuildPhase;
			buildActionMask = 2147483647;
			files = (
			);
			runOnlyForDeploymentPostprocessing = 0;
		};
/* End PBXFrameworksBuildPhase section */

/* Begin PBXGroup section */
		53F8FAFD26112ED800DADAF5 = {
			isa = PBXGroup;
			children = (
				53F8FB0826112ED800DADAF5 /* mirea-flip */,
				53F8FB1F26112EDF00DADAF5 /* mirea-flipTests */,
				53F8FB2A26112EDF00DADAF5 /* mirea-flipUITests */,
				53F8FB0726112ED800DADAF5 /* Products */,
			);
			sourceTree = "<group>";
		};
		53F8FB0726112ED800DADAF5 /* Products */ = {
			isa = PBXGroup;
			children = (
				53F8FB0626112ED800DADAF5 /* mirea-flip.app */,
				53F8FB1C26112EDF00DADAF5 /* mirea-flipTests.xctest */,
				53F8FB2726112EDF00DADAF5 /* mirea-flipUITests.xctest */,
			);
			name = Products;
			sourceTree = "<group>";
		};
		53F8FB0826112ED800DADAF5 /* mirea-flip */ = {
			isa = PBXGroup;
			children = (
				53F8FB0926112ED800DADAF5 /* AppDelegate.swift */,
				53F8FB0B26112ED800DADAF5 /* SceneDelegate.swift */,
				53F8FB0D26112ED800DADAF5 /* ContentView.swift */,
				53F8FB0F26112EDF00DADAF5 /* Assets.xcassets */,
				53F8FB1426112EDF00DADAF5 /* LaunchScreen.storyboard */,
				53F8FB1726112EDF00DADAF5 /* Info.plist */,
				53F8FB1126112EDF00DADAF5 /* Preview Content */,
			);
			path = "mirea-flip";
			sourceTree = "<group>";
		};
		53F8FB1126112EDF00DADAF5 /* Preview Content */ = {
			isa = PBXGroup;
			children = (
				53F8FB1226112EDF00DADAF5 /* Preview Assets.xcassets */,
			);
			path = "Preview Content";
			sourceTree = "<group>";
		};
		53F8FB1F26112EDF00DADAF5 /* mirea-flipTests */ = {
			isa = PBXGroup;
			children = (
				53F8FB2026112EDF00DADAF5 /* mirea_flipTests.swift */,
				53F8FB2226112EDF00DADAF5 /* Info.plist */,
			);
			path = "mirea-flipTests";
			sourceTree = "<group>";
		};
		53F8FB2A26112EDF00DADAF5 /* mirea-flipUITests */ = {
			isa = PBXGroup;
			children = (
				53F8FB2B26112EDF00DADAF5 /* mirea_flipUITests.swift */,
				53F8FB2D26112EDF00DADAF5 /* Info.plist */,
			);
			path = "mirea-flipUITests";
			sourceTree = "<group>";
		};
/* End PBXGroup section */

/* Begin PBXNativeTarget section */
		53F8FB0526112ED800DADAF5 /* mirea-flip */ = {
			isa = PBXNativeTarget;
			buildConfigurationList = 53F8FB3026112EDF00DADAF5 /* Build configuration list for PBXNativeTarget "mirea-flip" */;
			buildPhases = (
				53F8FB0226112ED800DADAF5 /* Sources */,
				53F8FB0326112ED800DADAF5 /* Frameworks */,
				53F8FB0426112ED800DADAF5 /* Resources */,
			);
			buildRules = (
			);
			dependencies = (
			);
			name = "mirea-flip";
			productName = "mirea-flip";
			productReference = 53F8FB0626112ED800DADAF5 /* mirea-flip.app */;
			productType = "com.apple.product-type.application";
		};
		53F8FB1B26112EDF00DADAF5 /* mirea-flipTests */ = {
			isa = PBXNativeTarget;
			buildConfigurationList = 53F8FB3326112EDF00DADAF5 /* Build configuration list for PBXNativeTarget "mirea-flipTests" */;
			buildPhases = (
				53F8FB1826112EDF00DADAF5 /* Sources */,
				53F8FB1926112EDF00DADAF5 /* Frameworks */,
				53F8FB1A26112EDF00DADAF5 /* Resources */,
			);
			buildRules = (
			);
			dependencies = (
				53F8FB1E26112EDF00DADAF5 /* PBXTargetDependency */,
			);
			name = "mirea-flipTests";
			productName = "mirea-flipTests";
			productReference = 53F8FB1C26112EDF00DADAF5 /* mirea-flipTests.xctest */;
			productType = "com.apple.product-type.bundle.unit-test";
		};
		53F8FB2626112EDF00DADAF5 /* mirea-flipUITests */ = {
			isa = PBXNativeTarget;
			buildConfigurationList = 53F8FB3626112EDF00DADAF5 /* Build configuration list for PBXNativeTarget "mirea-flipUITests" */;
			buildPhases = (
				53F8FB2326112EDF00DADAF5 /* Sources */,
				53F8FB2426112EDF00DADAF5 /* Frameworks */,
				53F8FB2526112EDF00DADAF5 /* Resources */,
			);
			buildRules = (
			);
			dependencies = (
				53F8FB2926112EDF00DADAF5 /* PBXTargetDependency */,
			);
			name = "mirea-flipUITests";
			productName = "mirea-flipUITests";
			productReference = 53F8FB2726112EDF00DADAF5 /* mirea-flipUITests.xctest */;
			productType = "com.apple.product-type.bundle.ui-testing";
		};
/* End PBXNativeTarget section */

/* Begin PBXProject section */
		53F8FAFE26112ED800DADAF5 /* Project object */ = {
			isa = PBXProject;
			attributes = {
				LastSwiftUpdateCheck = 1240;
				LastUpgradeCheck = 1240;
				TargetAttributes = {
					53F8FB0526112ED800DADAF5 = {
						CreatedOnToolsVersion = 12.4;
					};
					53F8FB1B26112EDF00DADAF5 = {
						CreatedOnToolsVersion = 12.4;
						TestTargetID = 53F8FB0526112ED800DADAF5;
					};
					53F8FB2626112EDF00DADAF5 = {
						CreatedOnToolsVersion = 12.4;
						TestTargetID = 53F8FB0526112ED800DADAF5;
					};
				};
			};
			buildConfigurationList = 53F8FB0126112ED800DADAF5 /* Build configuration list for PBXProject "mirea-flip" */;
			compatibilityVersion = "Xcode 9.3";
			developmentRegion = en;
			hasScannedForEncodings = 0;
			knownRegions = (
				en,
				Base,
			);
			mainGroup = 53F8FAFD26112ED800DADAF5;
			productRefGroup = 53F8FB0726112ED800DADAF5 /* Products */;
			projectDirPath = "";
			projectRoot = "";
			targets = (
				53F8FB0526112ED800DADAF5 /* mirea-flip */,
				53F8FB1B26112EDF00DADAF5 /* mirea-flipTests */,
				53F8FB2626112EDF00DADAF5 /* mirea-flipUITests */,
			);
		};
/* End PBXProject section */

/* Begin PBXResourcesBuildPhase section */
		53F8FB0426112ED800DADAF5 /* Resources */ = {
			isa = PBXResourcesBuildPhase;
			buildActionMask = 2147483647;
			files = (
				53F8FB1626112EDF00DADAF5 /* LaunchScreen.storyboard in Resources */,
				53F8FB1326112EDF00DADAF5 /* Preview Assets.xcassets in Resources */,
				53F8FB1026112EDF00DADAF5 /* Assets.xcassets in Resources */,
			);
			runOnlyForDeploymentPostprocessing = 0;
		};
		53F8FB1A26112EDF00DADAF5 /* Resources */ = {
			isa = PBXResourcesBuildPhase;
			buildActionMask = 2147483647;
			files = (
			);
			runOnlyForDeploymentPostprocessing = 0;
		};
		53F8FB2526112EDF00DADAF5 /* Resources */ = {
			isa = PBXResourcesBuildPhase;
			buildActionMask = 2147483647;
			files = (
			);
			runOnlyForDeploymentPostprocessing = 0;
		};
/* End PBXResourcesBuildPhase section */

/* Begin PBXSourcesBuildPhase section */
		53F8FB0226112ED800DADAF5 /* Sources */ = {
			isa = PBXSourcesBuildPhase;
			buildActionMask = 2147483647;
			files = (
				53F8FB0A26112ED800DADAF5 /* AppDelegate.swift in Sources */,
				53F8FB0C26112ED800DADAF5 /* SceneDelegate.swift in Sources */,
				53F8FB0E26112ED800DADAF5 /* ContentView.swift in Sources */,
			);
			runOnlyForDeploymentPostprocessing = 0;
		};
		53F8FB1826112EDF00DADAF5 /* Sources */ = {
			isa = PBXSourcesBuildPhase;
			buildActionMask = 2147483647;
			files = (
				53F8FB2126112EDF00DADAF5 /* mirea_flipTests.swift in Sources */,
			);
			runOnlyForDeploymentPostprocessing = 0;
		};
		53F8FB2326112EDF00DADAF5 /* Sources */ = {
			isa = PBXSourcesBuildPhase;
			buildActionMask = 2147483647;
			files = (
				53F8FB2C26112EDF00DADAF5 /* mirea_flipUITests.swift in Sources */,
			);
			runOnlyForDeploymentPostprocessing = 0;
		};
/* End PBXSourcesBuildPhase section */

/* Begin PBXTargetDependency section */
		53F8FB1E26112EDF00DADAF5 /* PBXTargetDependency */ = {
			isa = PBXTargetDependency;
			target = 53F8FB0526112ED800DADAF5 /* mirea-flip */;
			targetProxy = 53F8FB1D26112EDF00DADAF5 /* PBXContainerItemProxy */;
		};
		53F8FB2926112EDF00DADAF5 /* PBXTargetDependency */ = {
			isa = PBXTargetDependency;
			target = 53F8FB0526112ED800DADAF5 /* mirea-flip */;
			targetProxy = 53F8FB2826112EDF00DADAF5 /* PBXContainerItemProxy */;
		};
/* End PBXTargetDependency section */

/* Begin PBXVariantGroup section */
		53F8FB1426112EDF00DADAF5 /* LaunchScreen.storyboard */ = {
			isa = PBXVariantGroup;
			children = (
				53F8FB1526112EDF00DADAF5 /* Base */,
			);
			name = LaunchScreen.storyboard;
			sourceTree = "<group>";
		};
/* End PBXVariantGroup section */

/* Begin XCBuildConfiguration section */
		53F8FB2E26112EDF00DADAF5 /* Debug */ = {
			isa = XCBuildConfiguration;
			buildSettings = {
				ALWAYS_SEARCH_USER_PATHS = NO;
				CLANG_ANALYZER_NONNULL = YES;
				CLANG_ANALYZER_NUMBER_OBJECT_CONVERSION = YES_AGGRESSIVE;
				CLANG_CXX_LANGUAGE_STANDARD = "gnu++14";
				CLANG_CXX_LIBRARY = "libc++";
				CLANG_ENABLE_MODULES = YES;
				CLANG_ENABLE_OBJC_ARC = YES;
				CLANG_ENABLE_OBJC_WEAK = YES;
				CLANG_WARN_BLOCK_CAPTURE_AUTORELEASING = YES;
				CLANG_WARN_BOOL_CONVERSION = YES;
				CLANG_WARN_COMMA = YES;
				CLANG_WARN_CONSTANT_CONVERSION = YES;
				CLANG_WARN_DEPRECATED_OBJC_IMPLEMENTATIONS = YES;
				CLANG_WARN_DIRECT_OBJC_ISA_USAGE = YES_ERROR;
				CLANG_WARN_DOCUMENTATION_COMMENTS = YES;
				CLANG_WARN_EMPTY_BODY = YES;
				CLANG_WARN_ENUM_CONVERSION = YES;
				CLANG_WARN_INFINITE_RECURSION = YES;
				CLANG_WARN_INT_CONVERSION = YES;
				CLANG_WARN_NON_LITERAL_NULL_CONVERSION = YES;
				CLANG_WARN_OBJC_IMPLICIT_RETAIN_SELF = YES;
				CLANG_WARN_OBJC_LITERAL_CONVERSION = YES;
				CLANG_WARN_OBJC_ROOT_CLASS = YES_ERROR;
				CLANG_WARN_QUOTED_INCLUDE_IN_FRAMEWORK_HEADER = YES;
				CLANG_WARN_RANGE_LOOP_ANALYSIS = YES;
				CLANG_WARN_STRICT_PROTOTYPES = YES;
				CLANG_WARN_SUSPICIOUS_MOVE = YES;
				CLANG_WARN_UNGUARDED_AVAILABILITY = YES_AGGRESSIVE;
				CLANG_WARN_UNREACHABLE_CODE = YES;
				CLANG_WARN__DUPLICATE_METHOD_MATCH = YES;
				COPY_PHASE_STRIP = NO;
				DEBUG_INFORMATION_FORMAT = dwarf;
				ENABLE_STRICT_OBJC_MSGSEND = YES;
				ENABLE_TESTABILITY = YES;
				GCC_C_LANGUAGE_STANDARD = gnu11;
				GCC_DYNAMIC_NO_PIC = NO;
				GCC_NO_COMMON_BLOCKS = YES;
				GCC_OPTIMIZATION_LEVEL = 0;
				GCC_PREPROCESSOR_DEFINITIONS = (
					"DEBUG=1",
					"$(inherited)",
				);
				GCC_WARN_64_TO_32_BIT_CONVERSION = YES;
				GCC_WARN_ABOUT_RETURN_TYPE = YES_ERROR;
				GCC_WARN_UNDECLARED_SELECTOR = YES;
				GCC_WARN_UNINITIALIZED_AUTOS = YES_AGGRESSIVE;
				GCC_WARN_UNUSED_FUNCTION = YES;
				GCC_WARN_UNUSED_VARIABLE = YES;
				IPHONEOS_DEPLOYMENT_TARGET = 14.4;
				MTL_ENABLE_DEBUG_INFO = INCLUDE_SOURCE;
				MTL_FAST_MATH = YES;
				ONLY_ACTIVE_ARCH = YES;
				SDKROOT = iphoneos;
				SWIFT_ACTIVE_COMPILATION_CONDITIONS = DEBUG;
				SWIFT_OPTIMIZATION_LEVEL = "-Onone";
			};
			name = Debug;
		};
		53F8FB2F26112EDF00DADAF5 /* Release */ = {
			isa = XCBuildConfiguration;
			buildSettings = {
				ALWAYS_SEARCH_USER_PATHS = NO;
				CLANG_ANALYZER_NONNULL = YES;
				CLANG_ANALYZER_NUMBER_OBJECT_CONVERSION = YES_AGGRESSIVE;
				CLANG_CXX_LANGUAGE_STANDARD = "gnu++14";
				CLANG_CXX_LIBRARY = "libc++";
				CLANG_ENABLE_MODULES = YES;
				CLANG_ENABLE_OBJC_ARC = YES;
				CLANG_ENABLE_OBJC_WEAK = YES;
				CLANG_WARN_BLOCK_CAPTURE_AUTORELEASING = YES;
				CLANG_WARN_BOOL_CONVERSION = YES;
				CLANG_WARN_COMMA = YES;
				CLANG_WARN_CONSTANT_CONVERSION = YES;
				CLANG_WARN_DEPRECATED_OBJC_IMPLEMENTATIONS = YES;
				CLANG_WARN_DIRECT_OBJC_ISA_USAGE = YES_ERROR;
				CLANG_WARN_DOCUMENTATION_COMMENTS = YES;
				CLANG_WARN_EMPTY_BODY = YES;
				CLANG_WARN_ENUM_CONVERSION = YES;
				CLANG_WARN_INFINITE_RECURSION = YES;
				CLANG_WARN_INT_CONVERSION = YES;
				CLANG_WARN_NON_LITERAL_NULL_CONVERSION = YES;
				CLANG_WARN_OBJC_IMPLICIT_RETAIN_SELF = YES;
				CLANG_WARN_OBJC_LITERAL_CONVERSION = YES;
				CLANG_WARN_OBJC_ROOT_CLASS = YES_ERROR;
				CLANG_WARN_QUOTED_INCLUDE_IN_FRAMEWORK_HEADER = YES;
				CLANG_WARN_RANGE_LOOP_ANALYSIS = YES;
				CLANG_WARN_STRICT_PROTOTYPES = YES;
				CLANG_WARN_SUSPICIOUS_MOVE = YES;
				CLANG_WARN_UNGUARDED_AVAILABILITY = YES_AGGRESSIVE;
				CLANG_WARN_UNREACHABLE_CODE = YES;
				CLANG_WARN__DUPLICATE_METHOD_MATCH = YES;
				COPY_PHASE_STRIP = NO;
				DEBUG_INFORMATION_FORMAT = "dwarf-with-dsym";
				ENABLE_NS_ASSERTIONS = NO;
				ENABLE_STRICT_OBJC_MSGSEND = YES;
				GCC_C_LANGUAGE_STANDARD = gnu11;
				GCC_NO_COMMON_BLOCKS = YES;
				GCC_WARN_64_TO_32_BIT_CONVERSION = YES;
				GCC_WARN_ABOUT_RETURN_TYPE = YES_ERROR;
				GCC_WARN_UNDECLARED_SELECTOR = YES;
				GCC_WARN_UNINITIALIZED_AUTOS = YES_AGGRESSIVE;
				GCC_WARN_UNUSED_FUNCTION = YES;
				GCC_WARN_UNUSED_VARIABLE = YES;
				IPHONEOS_DEPLOYMENT_TARGET = 14.4;
				MTL_ENABLE_DEBUG_INFO = NO;
				MTL_FAST_MATH = YES;
				SDKROOT = iphoneos;
				SWIFT_COMPILATION_MODE = wholemodule;
				SWIFT_OPTIMIZATION_LEVEL = "-O";
				VALIDATE_PRODUCT = YES;
			};
			name = Release;
		};
		53F8FB3126112EDF00DADAF5 /* Debug */ = {
			isa = XCBuildConfiguration;
			buildSettings = {
				ASSETCATALOG_COMPILER_APPICON_NAME = AppIcon;
				ASSETCATALOG_COMPILER_GLOBAL_ACCENT_COLOR_NAME = AccentColor;
				CODE_SIGN_STYLE = Automatic;
				DEVELOPMENT_ASSET_PATHS = "\"mirea-flip/Preview Content\"";
				ENABLE_PREVIEWS = YES;
				INFOPLIST_FILE = "mirea-flip/Info.plist";
				LD_RUNPATH_SEARCH_PATHS = (
					"$(inherited)",
					"@executable_path/Frameworks",
				);
				PRODUCT_BUNDLE_IDENTIFIER = "defaulterrr.mirea-flip";
				PRODUCT_NAME = "$(TARGET_NAME)";
				SWIFT_VERSION = 5.0;
				TARGETED_DEVICE_FAMILY = "1,2";
			};
			name = Debug;
		};
		53F8FB3226112EDF00DADAF5 /* Release */ = {
			isa = XCBuildConfiguration;
			buildSettings = {
				ASSETCATALOG_COMPILER_APPICON_NAME = AppIcon;
				ASSETCATALOG_COMPILER_GLOBAL_ACCENT_COLOR_NAME = AccentColor;
				CODE_SIGN_STYLE = Automatic;
				DEVELOPMENT_ASSET_PATHS = "\"mirea-flip/Preview Content\"";
				ENABLE_PREVIEWS = YES;
				INFOPLIST_FILE = "mirea-flip/Info.plist";
				LD_RUNPATH_SEARCH_PATHS = (
					"$(inherited)",
					"@executable_path/Frameworks",
				);
				PRODUCT_BUNDLE_IDENTIFIER = "defaulterrr.mirea-flip";
				PRODUCT_NAME = "$(TARGET_NAME)";
				SWIFT_VERSION = 5.0;
				TARGETED_DEVICE_FAMILY = "1,2";
			};
			name = Release;
		};
		53F8FB3426112EDF00DADAF5 /* Debug */ = {
			isa = XCBuildConfiguration;
			buildSettings = {
				ALWAYS_EMBED_SWIFT_STANDARD_LIBRARIES = YES;
				BUNDLE_LOADER = "$(TEST_HOST)";
				CODE_SIGN_STYLE = Automatic;
				INFOPLIST_FILE = "mirea-flipTests/Info.plist";
				IPHONEOS_DEPLOYMENT_TARGET = 14.4;
				LD_RUNPATH_SEARCH_PATHS = (
					"$(inherited)",
					"@executable_path/Frameworks",
					"@loader_path/Frameworks",
				);
				PRODUCT_BUNDLE_IDENTIFIER = "defaulterrr.mirea-flipTests";
				PRODUCT_NAME = "$(TARGET_NAME)";
				SWIFT_VERSION = 5.0;
				TARGETED_DEVICE_FAMILY = "1,2";
				TEST_HOST = "$(BUILT_PRODUCTS_DIR)/mirea-flip.app/mirea-flip";
			};
			name = Debug;
		};
		53F8FB3526112EDF00DADAF5 /* Release */ = {
			isa = XCBuildConfiguration;
			buildSettings = {
				ALWAYS_EMBED_SWIFT_STANDARD_LIBRARIES = YES;
				BUNDLE_LOADER = "$(TEST_HOST)";
				CODE_SIGN_STYLE = Automatic;
				INFOPLIST_FILE = "mirea-flipTests/Info.plist";
				IPHONEOS_DEPLOYMENT_TARGET = 14.4;
				LD_RUNPATH_SEARCH_PATHS = (
					"$(inherited)",
					"@executable_path/Frameworks",
					"@loader_path/Frameworks",
				);
				PRODUCT_BUNDLE_IDENTIFIER = "defaulterrr.mirea-flipTests";
				PRODUCT_NAME = "$(TARGET_NAME)";
				SWIFT_VERSION = 5.0;
				TARGETED_DEVICE_FAMILY = "1,2";
				TEST_HOST = "$(BUILT_PRODUCTS_DIR)/mirea-flip.app/mirea-flip";
			};
			name = Release;
		};
		53F8FB3726112EDF00DADAF5 /* Debug */ = {
			isa = XCBuildConfiguration;
			buildSettings = {
				ALWAYS_EMBED_SWIFT_STANDARD_LIBRARIES = YES;
				CODE_SIGN_STYLE = Automatic;
				INFOPLIST_FILE = "mirea-flipUITests/Info.plist";
				LD_RUNPATH_SEARCH_PATHS = (
					"$(inherited)",
					"@executable_path/Frameworks",
					"@loader_path/Frameworks",
				);
				PRODUCT_BUNDLE_IDENTIFIER = "defaulterrr.mirea-flipUITests";
				PRODUCT_NAME = "$(TARGET_NAME)";
				SWIFT_VERSION = 5.0;
				TARGETED_DEVICE_FAMILY = "1,2";
				TEST_TARGET_NAME = "mirea-flip";
			};
			name = Debug;
		};
		53F8FB3826112EDF00DADAF5 /* Release */ = {
			isa = XCBuildConfiguration;
			buildSettings = {
				ALWAYS_EMBED_SWIFT_STANDARD_LIBRARIES = YES;
				CODE_SIGN_STYLE = Automatic;
				INFOPLIST_FILE = "mirea-flipUITests/Info.plist";
				LD_RUNPATH_SEARCH_PATHS = (
					"$(inherited)",
					"@executable_path/Frameworks",
					"@loader_path/Frameworks",
				);
				PRODUCT_BUNDLE_IDENTIFIER = "defaulterrr.mirea-flipUITests";
				PRODUCT_NAME = "$(TARGET_NAME)";
				SWIFT_VERSION = 5.0;
				TARGETED_DEVICE_FAMILY = "1,2";
				TEST_TARGET_NAME = "mirea-flip";
			};
			name = Release;
		};
/* End XCBuildConfiguration section */

/* Begin XCConfigurationList section */
		53F8FB0126112ED800DADAF5 /* Build configuration list for PBXProject "mirea-flip" */ = {
			isa = XCConfigurationList;
			buildConfigurations = (
				53F8FB2E26112EDF00DADAF5 /* Debug */,
				53F8FB2F26112EDF00DADAF5 /* Release */,
			);
			defaultConfigurationIsVisible = 0;
			defaultConfigurationName = Release;
		};
		53F8FB3026112EDF00DADAF5 /* Build configuration list for PBXNativeTarget "mirea-flip" */ = {
			isa = XCConfigurationList;
			buildConfigurations = (
				53F8FB3126112EDF00DADAF5 /* Debug */,
				53F8FB3226112EDF00DADAF5 /* Release */,
			);
			defaultConfigurationIsVisible = 0;
			defaultConfigurationName = Release;
		};
		53F8FB3326112EDF00DADAF5 /* Build configuration list for PBXNativeTarget "mirea-flipTests" */ = {
			isa = XCConfigurationList;
			buildConfigurations = (
				53F8FB3426112EDF00DADAF5 /* Debug */,
				53F8FB3526112EDF00DADAF5 /* Release */,
			);
			defaultConfigurationIsVisible = 0;
			defaultConfigurationName = Release;
		};
		53F8FB3626112EDF00DADAF5 /* Build configuration list for PBXNativeTarget "mirea-flipUITests" */ = {
			isa = XCConfigurationList;
			buildConfigurations = (
				53F8FB3726112EDF00DADAF5 /* Debug */,
				53F8FB3826112EDF00DADAF5 /* Release */,
			);
			defaultConfigurationIsVisible = 0;
			defaultConfigurationName = Release;
		};
/* End XCConfigurationList section */
	};
	rootObject = 53F8FAFE26112ED800DADAF5 /* Project object */;
}
